
Microsoft Visual Studio Solution File, Format Version 12.00
# Visual Studio Version 17
VisualStudioVersion = 17.9.34723.18
MinimumVisualStudioVersion = 10.0.40219.1
Project("{9A19103F-16F7-4668-BE54-9A1E7A4F7556}") = "DreamKeeper", "DreamKeeper\DreamKeeper.csproj", "{C92015F2-383E-49E0-BF9A-7210539F6A7E}"
EndProject
Project("{9A19103F-16F7-4668-BE54-9A1E7A4F7556}") = "DreamKeeper.Data", "DreamKeeper.Data\DreamKeeper.Data.csproj", "{E40F48AA-218F-44B6-8DC6-F8853DA8AD92}"
EndProject
Global
	GlobalSection(SolutionConfigurationPlatforms) = preSolution
		Debug|Any CPU = Debug|Any CPU
		Debug|x64 = Debug|x64
		Debug|x86 = Debug|x86
		Release|Any CPU = Release|Any CPU
		Release|x64 = Release|x64
		Release|x86 = Release|x86
	EndGlobalSection
	GlobalSection(ProjectConfigurationPlatforms) = postSolution
		{C92015F2-383E-49E0-BF9A-7210539F6A7E}.Debug|Any CPU.ActiveCfg = Debug|Any CPU
		{C92015F2-383E-49E0-BF9A-7210539F6A7E}.Debug|Any CPU.Build.0 = Debug|Any CPU
		{C92015F2-383E-49E0-BF9A-7210539F6A7E}.Debug|Any CPU.Deploy.0 = Debug|Any CPU
		{C92015F2-383E-49E0-BF9A-7210539F6A7E}.Debug|x64.ActiveCfg = Debug|x64
		{C92015F2-383E-49E0-BF9A-7210539F6A7E}.Debug|x64.Build.0 = Debug|x64
		{C92015F2-383E-49E0-BF9A-7210539F6A7E}.Debug|x64.Deploy.0 = Debug|x64
		{C92015F2-383E-49E0-BF9A-7210539F6A7E}.Debug|x86.ActiveCfg = Debug|x86
		{C92015F2-383E-49E0-BF9A-7210539F6A7E}.Debug|x86.Build.0 = Debug|x86
		{C92015F2-383E-49E0-BF9A-7210539F6A7E}.Debug|x86.Deploy.0 = Debug|x86
		{C92015F2-383E-49E0-BF9A-7210539F6A7E}.Release|Any CPU.ActiveCfg = Release|Any CPU
		{C92015F2-383E-49E0-BF9A-7210539F6A7E}.Release|Any CPU.Build.0 = Release|Any CPU
		{C92015F2-383E-49E0-BF9A-7210539F6A7E}.Release|Any CPU.Deploy.0 = Release|Any CPU
		{C92015F2-383E-49E0-BF9A-7210539F6A7E}.Release|x64.ActiveCfg = Release|x64
		{C92015F2-383E-49E0-BF9A-7210539F6A7E}.Release|x64.Build.0 = Release|x64
		{C92015F2-383E-49E0-BF9A-7210539F6A7E}.Release|x64.Deploy.0 = Release|x64
		{C92015F2-383E-49E0-BF9A-7210539F6A7E}.Release|x86.ActiveCfg = Release|x86
		{C92015F2-383E-49E0-BF9A-7210539F6A7E}.Release|x86.Build.0 = Release|x86
		{C92015F2-383E-49E0-BF9A-7210539F6A7E}.Release|x86.Deploy.0 = Release|x86
		{E40F48AA-218F-44B6-8DC6-F8853DA8AD92}.Debug|Any CPU.ActiveCfg = Debug|Any CPU
		{E40F48AA-218F-44B6-8DC6-F8853DA8AD92}.Debug|Any CPU.Build.0 = Debug|Any CPU
		{E40F48AA-218F-44B6-8DC6-F8853DA8AD92}.Debug|x64.ActiveCfg = Debug|x64
		{E40F48AA-218F-44B6-8DC6-F8853DA8AD92}.Debug|x64.Build.0 = Debug|x64
		{E40F48AA-218F-44B6-8DC6-F8853DA8AD92}.Debug|x86.ActiveCfg = Debug|x86
		{E40F48AA-218F-44B6-8DC6-F8853DA8AD92}.Debug|x86.Build.0 = Debug|x86
		{E40F48AA-218F-44B6-8DC6-F8853DA8AD92}.Release|Any CPU.ActiveCfg = Release|Any CPU
		{E40F48AA-218F-44B6-8DC6-F8853DA8AD92}.Release|Any CPU.Build.0 = Release|Any CPU
		{E40F48AA-218F-44B6-8DC6-F8853DA8AD92}.Release|x64.ActiveCfg = Release|x64
		{E40F48AA-218F-44B6-8DC6-F8853DA8AD92}.Release|x64.Build.0 = Release|x64
		{E40F48AA-218F-44B6-8DC6-F8853DA8AD92}.Release|x86.ActiveCfg = Release|x86
		{E40F48AA-218F-44B6-8DC6-F8853DA8AD92}.Release|x86.Build.0 = Release|x86
	EndGlobalSection
	GlobalSection(SolutionProperties) = preSolution
		HideSolutionNode = FALSE
	EndGlobalSection
	GlobalSection(ExtensibilityGlobals) = postSolution
		SolutionGuid = {368DF595-7CDB-4AFF-A385-3D34672CF895}
	EndGlobalSection
EndGlobal
